dependencies:
- name: catalog
  repository: oci://ghcr.io/naira-project/charts
  version: 0.1.0
- name: ui
  repository: oci://ghcr.io/naira-project/charts
  version: 0.1.0
- name: portal
  repository: oci://ghcr.io/naira-project/charts
  version: 0.1.0
digest: sha256:19b2e344c41b3586a25724ee3e4fa502a04c133e9adb1680bb6e5115beeef737
generated: "2026-07-22T11:04:33.729399+02:00"
